{
  "requires": true,
  "lockfileVersion": 1,
  "dependencies": {
    "leenacha-palindrome": {
      "version": "0.1.0",
      "resolved": "https://registry.npmjs.org/leenacha-palindrome/-/leenacha-palindrome-0.1.0.tgz",
      "integrity": "sha512-KVjruxvC3soNhfkJ5IGnkGmH8EqUkN1GZ2JRsYkDXps3u+f/2/PgYyy4ablctpRiC35UrS4tCKKDLqqKNh4nsg=="
    }
  }
}
